Microsoft Visual Studio Solution File, Format Version 12.00
# Visual Studio Version 17
VisualStudioVersion = 17.5.2.0
MinimumVisualStudioVersion = 10.0.40219.1
Project("{2150E333-8FDC-42A3-9474-1A3956D46DE8}") = "glo-4008-tp", "glo-4008-tp", "{366EDB3F-57DF-F7DA-1DAB-2D212CF0EF46}"
EndProject
Project("{FAE04EC0-301F-11D3-BF4B-00C04F79EFBC}") = "glo4008.Feedback", "glo-4008-tp\feedback-api\glo4008.Feedback.csproj", "{380ED69E-8578-0A17-EE57-758239BF6E55}"
EndProject
Global
	GlobalSection(SolutionConfigurationPlatforms) = preSolution
		Debug|Any CPU = Debug|Any CPU
		Release|Any CPU = Release|Any CPU
	EndGlobalSection
	GlobalSection(ProjectConfigurationPlatforms) = postSolution
		{380ED69E-8578-0A17-EE57-758239BF6E55}.Debug|Any CPU.ActiveCfg = Debug|Any CPU
		{380ED69E-8578-0A17-EE57-758239BF6E55}.Debug|Any CPU.Build.0 = Debug|Any CPU
		{380ED69E-8578-0A17-EE57-758239BF6E55}.Release|Any CPU.ActiveCfg = Release|Any CPU
		{380ED69E-8578-0A17-EE57-758239BF6E55}.Release|Any CPU.Build.0 = Release|Any CPU
	EndGlobalSection
	GlobalSection(SolutionProperties) = preSolution
		HideSolutionNode = FALSE
	EndGlobalSection
	GlobalSection(NestedProjects) = preSolution
		{380ED69E-8578-0A17-EE57-758239BF6E55} = {366EDB3F-57DF-F7DA-1DAB-2D212CF0EF46}
	EndGlobalSection
	GlobalSection(ExtensibilityGlobals) = postSolution
		SolutionGuid = {0B23220B-7430-45F0-9227-177576D1C9BE}
	EndGlobalSection
EndGlobal
